
Microsoft Visual Studio Solution File, Format Version 12.00
# Visual Studio Version 17
VisualStudioVersion = 17.10.35013.160
MinimumVisualStudioVersion = 10.0.40219.1
Project("{FAE04EC0-301F-11D3-BF4B-00C04F79EFBC}") = "InspirationalQuotes.API", "InspirationalQuotes.API\InspirationalQuotes.API.csproj", "{031DE8C1-04AE-4D25-B62F-0A32E78C567F}"
EndProject
Project("{FAE04EC0-301F-11D3-BF4B-00C04F79EFBC}") = "InspirationalQuotes.Application", "InspirationalQuotes.Application\InspirationalQuotes.Application.csproj", "{EDC66F52-9235-4C00-8FED-7836E0D53234}"
EndProject
Project("{FAE04EC0-301F-11D3-BF4B-00C04F79EFBC}") = "InspirationalQuotes.Domain", "InspirationalQuotes.Domain\InspirationalQuotes.Domain.csproj", "{712AD8A8-DE68-44D2-ADFB-A2C38A1A3385}"
EndProject
Project("{FAE04EC0-301F-11D3-BF4B-00C04F79EFBC}") = "InspirationalQuotes.Infrastructure", "InspirationalQuotes.Infrastructure\InspirationalQuotes.Infrastructure.csproj", "{225F3A03-F4A9-4B80-B142-48A1EA503516}"
EndProject
Project("{FAE04EC0-301F-11D3-BF4B-00C04F79EFBC}") = "InspirationalQuotes.Test", "InspirationalQuotes.Test\InspirationalQuotes.Test.csproj", "{C5C2562E-15BD-4A00-9556-80621C00D651}"
EndProject
Global
	GlobalSection(SolutionConfigurationPlatforms) = preSolution
		Debug|Any CPU = Debug|Any CPU
		Release|Any CPU = Release|Any CPU
	EndGlobalSection
	GlobalSection(ProjectConfigurationPlatforms) = postSolution
		{031DE8C1-04AE-4D25-B62F-0A32E78C567F}.Debug|Any CPU.ActiveCfg = Debug|Any CPU
		{031DE8C1-04AE-4D25-B62F-0A32E78C567F}.Debug|Any CPU.Build.0 = Debug|Any CPU
		{031DE8C1-04AE-4D25-B62F-0A32E78C567F}.Release|Any CPU.ActiveCfg = Release|Any CPU
		{031DE8C1-04AE-4D25-B62F-0A32E78C567F}.Release|Any CPU.Build.0 = Release|Any CPU
		{EDC66F52-9235-4C00-8FED-7836E0D53234}.Debug|Any CPU.ActiveCfg = Debug|Any CPU
		{EDC66F52-9235-4C00-8FED-7836E0D53234}.Debug|Any CPU.Build.0 = Debug|Any CPU
		{EDC66F52-9235-4C00-8FED-7836E0D53234}.Release|Any CPU.ActiveCfg = Release|Any CPU
		{EDC66F52-9235-4C00-8FED-7836E0D53234}.Release|Any CPU.Build.0 = Release|Any CPU
		{712AD8A8-DE68-44D2-ADFB-A2C38A1A3385}.Debug|Any CPU.ActiveCfg = Debug|Any CPU
		{712AD8A8-DE68-44D2-ADFB-A2C38A1A3385}.Debug|Any CPU.Build.0 = Debug|Any CPU
		{712AD8A8-DE68-44D2-ADFB-A2C38A1A3385}.Release|Any CPU.ActiveCfg = Release|Any CPU
		{712AD8A8-DE68-44D2-ADFB-A2C38A1A3385}.Release|Any CPU.Build.0 = Release|Any CPU
		{225F3A03-F4A9-4B80-B142-48A1EA503516}.Debug|Any CPU.ActiveCfg = Debug|Any CPU
		{225F3A03-F4A9-4B80-B142-48A1EA503516}.Debug|Any CPU.Build.0 = Debug|Any CPU
		{225F3A03-F4A9-4B80-B142-48A1EA503516}.Release|Any CPU.ActiveCfg = Release|Any CPU
		{225F3A03-F4A9-4B80-B142-48A1EA503516}.Release|Any CPU.Build.0 = Release|Any CPU
		{C5C2562E-15BD-4A00-9556-80621C00D651}.Debug|Any CPU.ActiveCfg = Debug|Any CPU
		{C5C2562E-15BD-4A00-9556-80621C00D651}.Debug|Any CPU.Build.0 = Debug|Any CPU
		{C5C2562E-15BD-4A00-9556-80621C00D651}.Release|Any CPU.ActiveCfg = Release|Any CPU
		{C5C2562E-15BD-4A00-9556-80621C00D651}.Release|Any CPU.Build.0 = Release|Any CPU
	EndGlobalSection
	GlobalSection(SolutionProperties) = preSolution
		HideSolutionNode = FALSE
	EndGlobalSection
	GlobalSection(ExtensibilityGlobals) = postSolution
		SolutionGuid = {99B60372-1FB3-4E50-A707-D426B7EC80DB}
	EndGlobalSection
EndGlobal
